{
  "nodes": {
    "flake-utils": {
      "locked": {
        "lastModified": 1623875721,
        "narHash": "sha256-A8BU7bjS5GirpAUv4QA+QnJ4CceLHkcXdRp4xITDB0s=",
        "owner": "numtide",
        "repo": "flake-utils",
        "rev": "f7e004a55b120c02ecb6219596820fcd32ca8772",
        "type": "github"
      },
      "original": {
        "owner": "numtide",
        "repo": "flake-utils",
        "type": "github"
      }
    },
    "home-manager": {
      "inputs": {
        "nixpkgs": [
          "nixpkgs"
        ]
      },
      "locked": {
        "lastModified": 1632838573,
        "narHash": "sha256-0GJKyDy7YYhN6s0qji+wzwnawvPzuovqfbmVloeYDcI=",
        "owner": "rycee",
        "repo": "home-manager",
        "rev": "959217e51dbd07d0de6dcbddfbfcb4f2efdc0c1e",
        "type": "github"
      },
      "original": {
        "owner": "rycee",
        "ref": "master",
        "repo": "home-manager",
        "type": "github"
      }
    },
    "nixpkgs": {
      "locked": {
        "lastModified": 1632841215,
        "narHash": "sha256-snBbr/hvsvRF8KbTX9Y2QzNaiohWZ0eTAaPG7Nk+PtU=",
        "owner": "nixos",
        "repo": "nixpkgs",
        "rev": "6b740f441f205f4b5e8695e4809fabee9afd8a8b",
        "type": "github"
      },
      "original": {
        "owner": "nixos",
        "ref": "master",
        "repo": "nixpkgs",
        "type": "github"
      }
    },
    "root": {
      "inputs": {
        "home-manager": "home-manager",
        "nixpkgs": "nixpkgs",
        "rust-overlay": "rust-overlay"
      }
    },
    "rust-overlay": {
      "inputs": {
        "flake-utils": "flake-utils",
        "nixpkgs": [
          "nixpkgs"
        ]
      },
      "locked": {
        "lastModified": 1632795338,
        "narHash": "sha256-Hv2eQMQKd32C9BSli7pA39bEUQvDor6pwt3p81/TvUM=",
        "owner": "oxalica",
        "repo": "rust-overlay",
        "rev": "7d2fdd741df5ef648a3e0a89d43955670005bff5",
        "type": "github"
      },
      "original": {
        "owner": "oxalica",
        "repo": "rust-overlay",
        "type": "github"
      }
    }
  },
  "root": "root",
  "version": 7
}
