{
  "nodes": {
    "flake-utils": {
      "locked": {
        "lastModified": 1648297722,
        "narHash": "sha256-W+qlPsiZd8F3XkzXOzAoR+mpFqzm3ekQkJNa+PIh1BQ=",
        "owner": "numtide",
        "repo": "flake-utils",
        "rev": "0f8662f1319ad6abf89b3380dd2722369fc51ade",
        "type": "github"
      },
      "original": {
        "owner": "numtide",
        "repo": "flake-utils",
        "type": "github"
      }
    },
    "home-manager": {
      "inputs": {
        "nixpkgs": [
          "nixpkgs"
        ]
      },
      "locked": {
        "lastModified": 1648677361,
        "narHash": "sha256-WA7F77XrvIjNaAyW6/D06/xVdbr3TNchHHB+oJbyDio=",
        "owner": "rycee",
        "repo": "home-manager",
        "rev": "9580f6c42af2535dc7890edb681ead090f5105f2",
        "type": "github"
      },
      "original": {
        "owner": "rycee",
        "ref": "master",
        "repo": "home-manager",
        "type": "github"
      }
    },
    "nixpkgs": {
      "locked": {
        "lastModified": 1648743963,
        "narHash": "sha256-iVp3hQUqhu/KxTNZzv9jQO+USz1o6pg4EjNdnY7Zdm4=",
        "owner": "nixos",
        "repo": "nixpkgs",
        "rev": "3344cea254129714919142494ec3e9e75aa09891",
        "type": "github"
      },
      "original": {
        "owner": "nixos",
        "ref": "master",
        "repo": "nixpkgs",
        "type": "github"
      }
    },
    "root": {
      "inputs": {
        "flake-utils": "flake-utils",
        "home-manager": "home-manager",
        "nixpkgs": "nixpkgs",
        "rust-overlay": "rust-overlay"
      }
    },
    "rust-overlay": {
      "inputs": {
        "flake-utils": [
          "flake-utils"
        ],
        "nixpkgs": [
          "nixpkgs"
        ]
      },
      "locked": {
        "lastModified": 1648694045,
        "narHash": "sha256-agxkWcTFdMNHJ28kmHOHtKbjI/Svxigi7SjQU0rjoRI=",
        "owner": "oxalica",
        "repo": "rust-overlay",
        "rev": "89bc2470e961048669227c041458b878f2e5fa56",
        "type": "github"
      },
      "original": {
        "owner": "oxalica",
        "repo": "rust-overlay",
        "type": "github"
      }
    }
  },
  "root": "root",
  "version": 7
}
